
Microsoft Visual Studio Solution File, Format Version 12.00
# Visual Studio Version 16
VisualStudioVersion = 16.0.30011.22
MinimumVisualStudioVersion = 10.0.40219.1
Project("{FAE04EC0-301F-11D3-BF4B-00C04F79EFBC}") = "shop", "shop\shop.csproj", "{4F2661D6-757F-48D2-8682-BC8CE8010460}"
	ProjectSection(ProjectDependencies) = postProject
		{B7F617C5-FFC8-432C-A59D-95D73F9DF045} = {B7F617C5-FFC8-432C-A59D-95D73F9DF045}
	EndProjectSection
EndProject
Project("{FAE04EC0-301F-11D3-BF4B-00C04F79EFBC}") = "ShopModels", "ShopModels\ShopModels.csproj", "{B7F617C5-FFC8-432C-A59D-95D73F9DF045}"
EndProject
Global
	GlobalSection(SolutionConfigurationPlatforms) = preSolution
		Debug|Any CPU = Debug|Any CPU
		Release|Any CPU = Release|Any CPU
	EndGlobalSection
	GlobalSection(ProjectConfigurationPlatforms) = postSolution
		{4F2661D6-757F-48D2-8682-BC8CE8010460}.Debug|Any CPU.ActiveCfg = Debug|Any CPU
		{4F2661D6-757F-48D2-8682-BC8CE8010460}.Debug|Any CPU.Build.0 = Debug|Any CPU
		{4F2661D6-757F-48D2-8682-BC8CE8010460}.Release|Any CPU.ActiveCfg = Release|Any CPU
		{4F2661D6-757F-48D2-8682-BC8CE8010460}.Release|Any CPU.Build.0 = Release|Any CPU
		{B7F617C5-FFC8-432C-A59D-95D73F9DF045}.Debug|Any CPU.ActiveCfg = Debug|Any CPU
		{B7F617C5-FFC8-432C-A59D-95D73F9DF045}.Debug|Any CPU.Build.0 = Debug|Any CPU
		{B7F617C5-FFC8-432C-A59D-95D73F9DF045}.Release|Any CPU.ActiveCfg = Release|Any CPU
		{B7F617C5-FFC8-432C-A59D-95D73F9DF045}.Release|Any CPU.Build.0 = Release|Any CPU
	EndGlobalSection
	GlobalSection(SolutionProperties) = preSolution
		HideSolutionNode = FALSE
	EndGlobalSection
	GlobalSection(ExtensibilityGlobals) = postSolution
		SolutionGuid = {EAE3CB2A-2603-467C-9A7E-8FB0B5169FC1}
	EndGlobalSection
EndGlobal
